
Microsoft Visual Studio Solution File, Format Version 12.00
# Visual Studio Version 17
VisualStudioVersion = 17.2.32505.173
MinimumVisualStudioVersion = 10.0.40219.1
Project("{FAE04EC0-301F-11D3-BF4B-00C04F79EFBC}") = "20260422 Test", "20260422 Test\20260422 Test.csproj", "{DE9C4C5C-EF87-4F66-BBCB-9518B595E533}"
EndProject
Global
	GlobalSection(SolutionConfigurationPlatforms) = preSolution
		Debug|Any CPU = Debug|Any CPU
		Release|Any CPU = Release|Any CPU
	EndGlobalSection
	GlobalSection(ProjectConfigurationPlatforms) = postSolution
		{DE9C4C5C-EF87-4F66-BBCB-9518B595E533}.Debug|Any CPU.ActiveCfg = Debug|Any CPU
		{DE9C4C5C-EF87-4F66-BBCB-9518B595E533}.Debug|Any CPU.Build.0 = Debug|Any CPU
		{DE9C4C5C-EF87-4F66-BBCB-9518B595E533}.Release|Any CPU.ActiveCfg = Release|Any CPU
		{DE9C4C5C-EF87-4F66-BBCB-9518B595E533}.Release|Any CPU.Build.0 = Release|Any CPU
	EndGlobalSection
	GlobalSection(SolutionProperties) = preSolution
		HideSolutionNode = FALSE
	EndGlobalSection
	GlobalSection(ExtensibilityGlobals) = postSolution
		SolutionGuid = {90B22D38-D755-4556-93CA-922309F04697}
	EndGlobalSection
EndGlobal
